
Microsoft Visual Studio Solution File, Format Version 12.00
# Visual Studio Version 17
VisualStudioVersion = 17.5.002.0
MinimumVisualStudioVersion = 10.0.40219.1
Project("{9A19103F-16F7-4668-BE54-9A1E7A4F7556}") = "Nuar.Tracing", "Nuar.Tracing.csproj", "{95E64E37-86DF-4B86-BA15-6AA529C2FC75}"
EndProject
Global
	GlobalSection(SolutionConfigurationPlatforms) = preSolution
		Debug|Any CPU = Debug|Any CPU
		Release|Any CPU = Release|Any CPU
	EndGlobalSection
	GlobalSection(ProjectConfigurationPlatforms) = postSolution
		{95E64E37-86DF-4B86-BA15-6AA529C2FC75}.Debug|Any CPU.ActiveCfg = Debug|Any CPU
		{95E64E37-86DF-4B86-BA15-6AA529C2FC75}.Debug|Any CPU.Build.0 = Debug|Any CPU
		{95E64E37-86DF-4B86-BA15-6AA529C2FC75}.Release|Any CPU.ActiveCfg = Release|Any CPU
		{95E64E37-86DF-4B86-BA15-6AA529C2FC75}.Release|Any CPU.Build.0 = Release|Any CPU
	EndGlobalSection
	GlobalSection(SolutionProperties) = preSolution
		HideSolutionNode = FALSE
	EndGlobalSection
	GlobalSection(ExtensibilityGlobals) = postSolution
		SolutionGuid = {EA3E872A-4460-43BF-A40F-73321E5464FC}
	EndGlobalSection
EndGlobal
