
Microsoft Visual Studio Solution File, Format Version 12.00
# Visual Studio Version 17
VisualStudioVersion = 17.5.002.0
MinimumVisualStudioVersion = 10.0.40219.1
Project("{9A19103F-16F7-4668-BE54-9A1E7A4F7556}") = "Nuar.CustomErrors", "Nuar.CustomErrors.csproj", "{ED4E2E6E-6312-4952-9522-AAE67E315981}"
EndProject
Global
	GlobalSection(SolutionConfigurationPlatforms) = preSolution
		Debug|Any CPU = Debug|Any CPU
		Release|Any CPU = Release|Any CPU
	EndGlobalSection
	GlobalSection(ProjectConfigurationPlatforms) = postSolution
		{ED4E2E6E-6312-4952-9522-AAE67E315981}.Debug|Any CPU.ActiveCfg = Debug|Any CPU
		{ED4E2E6E-6312-4952-9522-AAE67E315981}.Debug|Any CPU.Build.0 = Debug|Any CPU
		{ED4E2E6E-6312-4952-9522-AAE67E315981}.Release|Any CPU.ActiveCfg = Release|Any CPU
		{ED4E2E6E-6312-4952-9522-AAE67E315981}.Release|Any CPU.Build.0 = Release|Any CPU
	EndGlobalSection
	GlobalSection(SolutionProperties) = preSolution
		HideSolutionNode = FALSE
	EndGlobalSection
	GlobalSection(ExtensibilityGlobals) = postSolution
		SolutionGuid = {00711232-96A9-4A83-B665-1F7F505E82C4}
	EndGlobalSection
EndGlobal
